
Microsoft Visual Studio Solution File, Format Version 12.00
# Visual Studio Version 17
VisualStudioVersion = 17.14.36908.2
MinimumVisualStudioVersion = 10.0.40219.1
Project("{FAE04EC0-301F-11D3-BF4B-00C04F79EFBC}") = "DVLD", "DVLD\DVLD.csproj", "{68D3F295-C31C-4FE1-A314-46AC571AD4D6}"
EndProject
Project("{FAE04EC0-301F-11D3-BF4B-00C04F79EFBC}") = "DVLD_BusinessLayer", "DVLD_BusinessLayer\DVLD_BusinessLayer.csproj", "{D892ACE3-C84C-4879-8568-EF7A453C1FB0}"
EndProject
Project("{FAE04EC0-301F-11D3-BF4B-00C04F79EFBC}") = "DVLD_DataAccessLayer", "DVLD_DataAccessLayer\DVLD_DataAccessLayer.csproj", "{8A977797-43EA-424F-9597-9D82753DC65A}"
EndProject
Project("{2150E333-8FDC-42A3-9474-1A3956D46DE8}") = "Resources", "Resources", "{02EA681E-C7D8-13C7-8484-4AC65E1B71E8}"
EndProject
Project("{2150E333-8FDC-42A3-9474-1A3956D46DE8}") = "Solution Items", "Solution Items", "{8EC462FD-D22E-90A8-E5CE-7E832BA40C5D}"
	ProjectSection(SolutionItems) = preProject
		TextFile1.txt = TextFile1.txt
	EndProjectSection
EndProject
Project("{2150E333-8FDC-42A3-9474-1A3956D46DE8}") = "Images", "Images", "{0D371E43-53D5-4ED5-A996-56CC346CFA53}"
	ProjectSection(SolutionItems) = preProject
		Resources\Images\account_settings 64.png = Resources\Images\account_settings 64.png
		Resources\Images\Add New User 32.png = Resources\Images\Add New User 32.png
		Resources\Images\Add New User 72.png = Resources\Images\Add New User 72.png
		Resources\Images\Add Person 40.png = Resources\Images\Add Person 40.png
		Resources\Images\Add Person 72.png = Resources\Images\Add Person 72.png
		Resources\Images\AddAppointment 32.png = Resources\Images\AddAppointment 32.png
		Resources\Images\AddPerson 32.png = Resources\Images\AddPerson 32.png
		Resources\Images\Address 32.png = Resources\Images\Address 32.png
		Resources\Images\Application Types 512.png = Resources\Images\Application Types 512.png
		Resources\Images\Application Types 64.png = Resources\Images\Application Types 64.png
		Resources\Images\Applications 64.png = Resources\Images\Applications 64.png
		Resources\Images\Applications.png = Resources\Images\Applications.png
		Resources\Images\ApplicationTitle.png = Resources\Images\ApplicationTitle.png
		Resources\Images\ApplicationType.png = Resources\Images\ApplicationType.png
		Resources\Images\Calendar 32.png = Resources\Images\Calendar 32.png
		Resources\Images\call 32.png = Resources\Images\call 32.png
		Resources\Images\Cars 48.png = Resources\Images\Cars 48.png
		Resources\Images\Close 32.png = Resources\Images\Close 32.png
		Resources\Images\Close 64.png = Resources\Images\Close 64.png
		Resources\Images\CloseBlack.png = Resources\Images\CloseBlack.png
		Resources\Images\closeBlack32.png = Resources\Images\closeBlack32.png
		Resources\Images\Count 32.png = Resources\Images\Count 32.png
		Resources\Images\Country 32.png = Resources\Images\Country 32.png
		Resources\Images\cross 32.png = Resources\Images\cross 32.png
		Resources\Images\cross 64.png = Resources\Images\cross 64.png
		Resources\Images\Damaged Driving License 32.png = Resources\Images\Damaged Driving License 32.png
		Resources\Images\Delete 32 2.png = Resources\Images\Delete 32 2.png
		Resources\Images\Delete 32.png = Resources\Images\Delete 32.png
		Resources\Images\Delete User 32.png = Resources\Images\Delete User 32.png
		Resources\Images\Detain 32.png = Resources\Images\Detain 32.png
		Resources\Images\Detain 512.png = Resources\Images\Detain 512.png
		Resources\Images\Detain 64.png = Resources\Images\Detain 64.png
		Resources\Images\Detained Driving License 32.png = Resources\Images\Detained Driving License 32.png
		Resources\Images\Driver License 48.png = Resources\Images\Driver License 48.png
		Resources\Images\Driver Main.png = Resources\Images\Driver Main.png
		Resources\Images\Drivers 64.png = Resources\Images\Drivers 64.png
		Resources\Images\driving-test 512.png = Resources\Images\driving-test 512.png
		Resources\Images\DVLD Logo.png = Resources\Images\DVLD Logo.png
		Resources\Images\edit 32.png = Resources\Images\edit 32.png
		Resources\Images\Edit User 32.png = Resources\Images\Edit User 32.png
		Resources\Images\Email 32.png = Resources\Images\Email 32.png
		Resources\Images\Exit 64.png = Resources\Images\Exit 64.png
		Resources\Images\Faild.png = Resources\Images\Faild.png
		Resources\Images\Female 512.png = Resources\Images\Female 512.png
		Resources\Images\IconLogo.png = Resources\Images\IconLogo.png
		Resources\Images\International 32.png = Resources\Images\International 32.png
		Resources\Images\IssueDrivingLicense 32.png = Resources\Images\IssueDrivingLicense 32.png
		Resources\Images\License Type 32.png = Resources\Images\License Type 32.png
		Resources\Images\License View 32.png = Resources\Images\License View 32.png
		Resources\Images\LicenseView 400.png = Resources\Images\LicenseView 400.png
		Resources\Images\List 32.png = Resources\Images\List 32.png
		Resources\Images\Local 32.png = Resources\Images\Local 32.png
		Resources\Images\Local Driving License 512.png = Resources\Images\Local Driving License 512.png
		Resources\Images\LocalDriving License.png = Resources\Images\LocalDriving License.png
		Resources\Images\Logo Final.jpg = Resources\Images\Logo Final.jpg
		Resources\Images\Lost Driving License 32.png = Resources\Images\Lost Driving License 32.png
		Resources\Images\Male 512.png = Resources\Images\Male 512.png
		Resources\Images\Man 32.png = Resources\Images\Man 32.png
		Resources\Images\Manage Applications 32.png = Resources\Images\Manage Applications 32.png
		Resources\Images\Manage Applications 64.png = Resources\Images\Manage Applications 64.png
		Resources\Images\Manage People.png = Resources\Images\Manage People.png
		Resources\Images\money 32 - 2.png = Resources\Images\money 32 - 2.png
		Resources\Images\money 32.png = Resources\Images\money 32.png
		Resources\Images\New Application 64.png = Resources\Images\New Application 64.png
		Resources\Images\New Driving License 32.png = Resources\Images\New Driving License 32.png
		Resources\Images\Next 32.png = Resources\Images\Next 32.png
		Resources\Images\Next 64.png = Resources\Images\Next 64.png
		Resources\Images\Notes 32.png = Resources\Images\Notes 32.png
		Resources\Images\Number 32.png = Resources\Images\Number 32.png
		Resources\Images\Passed.png = Resources\Images\Passed.png
		Resources\Images\PassedTests 32.png = Resources\Images\PassedTests 32.png
		Resources\Images\Password 32.png = Resources\Images\Password 32.png
		Resources\Images\People 400.png = Resources\Images\People 400.png
		Resources\Images\People 512.png = Resources\Images\People 512.png
		Resources\Images\People 64.png = Resources\Images\People 64.png
		Resources\Images\Person 32.png = Resources\Images\Person 32.png
		Resources\Images\PersonDetails 32.png = Resources\Images\PersonDetails 32.png
		Resources\Images\PersonLicenseHistory 32.png = Resources\Images\PersonLicenseHistory 32.png
		Resources\Images\PersonLicenseHistory 512.png = Resources\Images\PersonLicenseHistory 512.png
		Resources\Images\Phone 32.png = Resources\Images\Phone 32.png
		Resources\Images\Prev 32.png = Resources\Images\Prev 32.png
		Resources\Images\Prev 64.png = Resources\Images\Prev 64.png
		Resources\Images\Question 32.png = Resources\Images\Question 32.png
		Resources\Images\Release Detained License 32.png = Resources\Images\Release Detained License 32.png
		Resources\Images\Release Detained License 512.png = Resources\Images\Release Detained License 512.png
		Resources\Images\Release Detained License 64.png = Resources\Images\Release Detained License 64.png
		Resources\Images\Renew Driving License 32.png = Resources\Images\Renew Driving License 32.png
		Resources\Images\Retake Test 32.png = Resources\Images\Retake Test 32.png
		Resources\Images\Save 32.png = Resources\Images\Save 32.png
		Resources\Images\Schedule Test 32.png = Resources\Images\Schedule Test 32.png
		Resources\Images\Schedule Test 512.png = Resources\Images\Schedule Test 512.png
		Resources\Images\SearchPerson.png = Resources\Images\SearchPerson.png
		Resources\Images\send email 32.png = Resources\Images\send email 32.png
		Resources\Images\Sign Out 32.png = Resources\Images\Sign Out 32.png
		Resources\Images\SignOut 64.png = Resources\Images\SignOut 64.png
		Resources\Images\sign_in 32.png = Resources\Images\sign_in 32.png
		Resources\Images\sign_out 32 -2.png = Resources\Images\sign_out 32 -2.png
		Resources\Images\Street Test 32.png = Resources\Images\Street Test 32.png
		Resources\Images\Test 32.png = Resources\Images\Test 32.png
		Resources\Images\Test Type 64.png = Resources\Images\Test Type 64.png
		Resources\Images\TestType 32.png = Resources\Images\TestType 32.png
		Resources\Images\TestType 512.png = Resources\Images\TestType 512.png
		Resources\Images\User 32 -2.png = Resources\Images\User 32 -2.png
		Resources\Images\Users 2 400.png = Resources\Images\Users 2 400.png
		Resources\Images\Users 2 64.png = Resources\Images\Users 2 64.png
		Resources\Images\users 64.png = Resources\Images\users 64.png
		Resources\Images\Vision 512.png = Resources\Images\Vision 512.png
		Resources\Images\Vision Test 32.png = Resources\Images\Vision Test 32.png
		Resources\Images\Vision Test Schdule.png = Resources\Images\Vision Test Schdule.png
		Resources\Images\wallpaper.jpg = Resources\Images\wallpaper.jpg
		Resources\Images\WallPaper2.jpg = Resources\Images\WallPaper2.jpg
		Resources\Images\Woman 32.png = Resources\Images\Woman 32.png
		Resources\Images\Written Test 32 Sechdule.png = Resources\Images\Written Test 32 Sechdule.png
		Resources\Images\Written Test 32.png = Resources\Images\Written Test 32.png
		Resources\Images\Written Test 512.png = Resources\Images\Written Test 512.png
	EndProjectSection
EndProject
Global
	GlobalSection(SolutionConfigurationPlatforms) = preSolution
		Debug|Any CPU = Debug|Any CPU
		Release|Any CPU = Release|Any CPU
	EndGlobalSection
	GlobalSection(ProjectConfigurationPlatforms) = postSolution
		{68D3F295-C31C-4FE1-A314-46AC571AD4D6}.Debug|Any CPU.ActiveCfg = Debug|Any CPU
		{68D3F295-C31C-4FE1-A314-46AC571AD4D6}.Debug|Any CPU.Build.0 = Debug|Any CPU
		{68D3F295-C31C-4FE1-A314-46AC571AD4D6}.Release|Any CPU.ActiveCfg = Release|Any CPU
		{68D3F295-C31C-4FE1-A314-46AC571AD4D6}.Release|Any CPU.Build.0 = Release|Any CPU
		{D892ACE3-C84C-4879-8568-EF7A453C1FB0}.Debug|Any CPU.ActiveCfg = Debug|Any CPU
		{D892ACE3-C84C-4879-8568-EF7A453C1FB0}.Debug|Any CPU.Build.0 = Debug|Any CPU
		{D892ACE3-C84C-4879-8568-EF7A453C1FB0}.Release|Any CPU.ActiveCfg = Release|Any CPU
		{D892ACE3-C84C-4879-8568-EF7A453C1FB0}.Release|Any CPU.Build.0 = Release|Any CPU
		{8A977797-43EA-424F-9597-9D82753DC65A}.Debug|Any CPU.ActiveCfg = Debug|Any CPU
		{8A977797-43EA-424F-9597-9D82753DC65A}.Debug|Any CPU.Build.0 = Debug|Any CPU
		{8A977797-43EA-424F-9597-9D82753DC65A}.Release|Any CPU.ActiveCfg = Release|Any CPU
		{8A977797-43EA-424F-9597-9D82753DC65A}.Release|Any CPU.Build.0 = Release|Any CPU
	EndGlobalSection
	GlobalSection(SolutionProperties) = preSolution
		HideSolutionNode = FALSE
	EndGlobalSection
	GlobalSection(NestedProjects) = preSolution
		{0D371E43-53D5-4ED5-A996-56CC346CFA53} = {02EA681E-C7D8-13C7-8484-4AC65E1B71E8}
	EndGlobalSection
	GlobalSection(ExtensibilityGlobals) = postSolution
		SolutionGuid = {1D494DF3-3BCB-444A-A5D0-82397E2E11D0}
	EndGlobalSection
EndGlobal
